
Microsoft Visual Studio Solution File, Format Version 12.00
# Visual Studio 14
VisualStudioVersion = 14.0.25420.1
MinimumVisualStudioVersion = 10.0.40219.1
Project("{2150E333-8FDC-42A3-9474-1A3956D46DE8}") = "src", "src", "{73B3E9E0-BBFA-4BA6-B19A-3ACEFF0E2045}"
EndProject
Project("{2150E333-8FDC-42A3-9474-1A3956D46DE8}") = "Solution Items", "Solution Items", "{E1DF4438-3313-49BA-A91C-A4E5F646EDEF}"
	ProjectSection(SolutionItems) = preProject
		global.json = global.json
	EndProjectSection
EndProject
Project("{8BB2217D-0F2D-49D1-97BC-3654ED321F3B}") = "RecruitmentPortal.Web", "src\RecruitmentPortal.Web\RecruitmentPortal.Web.xproj", "{C98135F6-A874-41AB-A619-B88C26C14951}"
EndProject
Project("{8BB2217D-0F2D-49D1-97BC-3654ED321F3B}") = "RecruitmentPortal.Identity", "src\RecruitmentPortal.Identity\RecruitmentPortal.Identity.xproj", "{0234CAD8-B73E-4D8F-A3E2-8A53FF69ACCC}"
EndProject
Project("{8BB2217D-0F2D-49D1-97BC-3654ED321F3B}") = "RecruitmentPortal.Infrastructure", "src\RecruitmentPortal.Infrastructure\RecruitmentPortal.Infrastructure.xproj", "{ECCAF407-05EF-4910-838F-A2178377E681}"
EndProject
Global
	GlobalSection(SolutionConfigurationPlatforms) = preSolution
		Debug|Any CPU = Debug|Any CPU
		Release|Any CPU = Release|Any CPU
	EndGlobalSection
	GlobalSection(ProjectConfigurationPlatforms) = postSolution
		{C98135F6-A874-41AB-A619-B88C26C14951}.Debug|Any CPU.ActiveCfg = Debug|Any CPU
		{C98135F6-A874-41AB-A619-B88C26C14951}.Debug|Any CPU.Build.0 = Debug|Any CPU
		{C98135F6-A874-41AB-A619-B88C26C14951}.Release|Any CPU.ActiveCfg = Release|Any CPU
		{C98135F6-A874-41AB-A619-B88C26C14951}.Release|Any CPU.Build.0 = Release|Any CPU
		{0234CAD8-B73E-4D8F-A3E2-8A53FF69ACCC}.Debug|Any CPU.ActiveCfg = Debug|Any CPU
		{0234CAD8-B73E-4D8F-A3E2-8A53FF69ACCC}.Debug|Any CPU.Build.0 = Debug|Any CPU
		{0234CAD8-B73E-4D8F-A3E2-8A53FF69ACCC}.Release|Any CPU.ActiveCfg = Release|Any CPU
		{0234CAD8-B73E-4D8F-A3E2-8A53FF69ACCC}.Release|Any CPU.Build.0 = Release|Any CPU
		{ECCAF407-05EF-4910-838F-A2178377E681}.Debug|Any CPU.ActiveCfg = Debug|Any CPU
		{ECCAF407-05EF-4910-838F-A2178377E681}.Debug|Any CPU.Build.0 = Debug|Any CPU
		{ECCAF407-05EF-4910-838F-A2178377E681}.Release|Any CPU.ActiveCfg = Release|Any CPU
		{ECCAF407-05EF-4910-838F-A2178377E681}.Release|Any CPU.Build.0 = Release|Any CPU
	EndGlobalSection
	GlobalSection(SolutionProperties) = preSolution
		HideSolutionNode = FALSE
	EndGlobalSection
	GlobalSection(NestedProjects) = preSolution
		{C98135F6-A874-41AB-A619-B88C26C14951} = {73B3E9E0-BBFA-4BA6-B19A-3ACEFF0E2045}
		{0234CAD8-B73E-4D8F-A3E2-8A53FF69ACCC} = {73B3E9E0-BBFA-4BA6-B19A-3ACEFF0E2045}
		{ECCAF407-05EF-4910-838F-A2178377E681} = {73B3E9E0-BBFA-4BA6-B19A-3ACEFF0E2045}
	EndGlobalSection
EndGlobal
